PODS:
  - Flutter (1.0.0)
  - flutter_vap (0.0.1):
    - Flutter

DEPENDENCIES:
  - Flutter (from `Flutter`)
  - flutter_vap (from `.symlinks/plugins/flutter_vap/ios`)

EXTERNAL SOURCES:
  Flutter:
    :path: Flutter
  flutter_vap:
    :path: ".symlinks/plugins/flutter_vap/ios"

SPEC CHECKSUMS:
  Flutter: 50d75fe2f02b26cc09d224853bb45737f8b3214a
  flutter_vap: 060819f3b8c75799096005245daa56d239a76f3e

PODFILE CHECKSUM: aafe91acc616949ddb318b77800a7f51bffa2a4c

COCOAPODS: 1.11.3
